
Microsoft Visual Studio Solution File, Format Version 12.00
# Visual Studio 15
VisualStudioVersion = 15.0.28307.168
MinimumVisualStudioVersion = 10.0.40219.1
Project("{2150E333-8FDC-42A3-9474-1A3956D46DE8}") = "BackEnd", "BackEnd", "{0A08E7A7-9099-4064-863A-9BAB42BD53A8}"
EndProject
Project("{2150E333-8FDC-42A3-9474-1A3956D46DE8}") = "FrontEnd", "FrontEnd", "{626E8F98-AFF3-40AB-8738-658347410FC8}"
EndProject
Project("{2150E333-8FDC-42A3-9474-1A3956D46DE8}") = "1 - Api", "1 - Api", "{9B940361-9B75-4E05-8812-3EB5704E7053}"
EndProject
Project("{2150E333-8FDC-42A3-9474-1A3956D46DE8}") = "2 - Application", "2 - Application", "{3F3788D9-1B2D-4DFA-A6B2-47EA0DEEC72F}"
EndProject
Project("{2150E333-8FDC-42A3-9474-1A3956D46DE8}") = "3 - Domain", "3 - Domain", "{CD07CF51-5D88-4CDD-92DE-528B8BD9D403}"
EndProject
Project("{2150E333-8FDC-42A3-9474-1A3956D46DE8}") = "4 - Infra", "4 - Infra", "{0D5F625F-FAC1-430A-8104-3BD87A0BE133}"
EndProject
Project("{FAE04EC0-301F-11D3-BF4B-00C04F79EFBC}") = "Core.Api", "Core.Api\Core.Api.csproj", "{D374A73F-253E-429A-9F2F-216D9ACAB057}"
EndProject
Project("{FAE04EC0-301F-11D3-BF4B-00C04F79EFBC}") = "Core.Application", "Core.Application\Core.Application.csproj", "{28C7EFC0-C291-4EC2-9924-85E5D9F3B8DE}"
EndProject
Project("{FAE04EC0-301F-11D3-BF4B-00C04F79EFBC}") = "Core.Domain", "Core.Domain\Core.Domain.csproj", "{A4E0EB17-1A4B-469A-97E0-3AAF893A0415}"
EndProject
Project("{2150E333-8FDC-42A3-9474-1A3956D46DE8}") = "4.1 - Data", "4.1 - Data", "{26A568AF-8F31-4B2E-817B-A8334D53B533}"
EndProject
Project("{2150E333-8FDC-42A3-9474-1A3956D46DE8}") = "4.2 - CrossCutting", "4.2 - CrossCutting", "{150CE7AC-B82C-4CCE-B1B6-2D80E7C09D56}"
EndProject
Project("{FAE04EC0-301F-11D3-BF4B-00C04F79EFBC}") = "Core.Data", "Core.Infra.Data\Core.Data.csproj", "{58DCBE28-C3AD-4C47-9114-58A4C90E12C2}"
EndProject
Project("{FAE04EC0-301F-11D3-BF4B-00C04F79EFBC}") = "Core.CrossCutting", "Core.Crosscutting.IoC\Core.CrossCutting.IoC.csproj", "{9B67B14F-2C7E-4F9D-BECE-78A6EF8CC18A}"
EndProject
Global
	GlobalSection(SolutionConfigurationPlatforms) = preSolution
		Debug|Any CPU = Debug|Any CPU
		Release|Any CPU = Release|Any CPU
	EndGlobalSection
	GlobalSection(ProjectConfigurationPlatforms) = postSolution
		{D374A73F-253E-429A-9F2F-216D9ACAB057}.Debug|Any CPU.ActiveCfg = Debug|Any CPU
		{D374A73F-253E-429A-9F2F-216D9ACAB057}.Debug|Any CPU.Build.0 = Debug|Any CPU
		{D374A73F-253E-429A-9F2F-216D9ACAB057}.Release|Any CPU.ActiveCfg = Release|Any CPU
		{D374A73F-253E-429A-9F2F-216D9ACAB057}.Release|Any CPU.Build.0 = Release|Any CPU
		{28C7EFC0-C291-4EC2-9924-85E5D9F3B8DE}.Debug|Any CPU.ActiveCfg = Debug|Any CPU
		{28C7EFC0-C291-4EC2-9924-85E5D9F3B8DE}.Debug|Any CPU.Build.0 = Debug|Any CPU
		{28C7EFC0-C291-4EC2-9924-85E5D9F3B8DE}.Release|Any CPU.ActiveCfg = Release|Any CPU
		{28C7EFC0-C291-4EC2-9924-85E5D9F3B8DE}.Release|Any CPU.Build.0 = Release|Any CPU
		{A4E0EB17-1A4B-469A-97E0-3AAF893A0415}.Debug|Any CPU.ActiveCfg = Debug|Any CPU
		{A4E0EB17-1A4B-469A-97E0-3AAF893A0415}.Debug|Any CPU.Build.0 = Debug|Any CPU
		{A4E0EB17-1A4B-469A-97E0-3AAF893A0415}.Release|Any CPU.ActiveCfg = Release|Any CPU
		{A4E0EB17-1A4B-469A-97E0-3AAF893A0415}.Release|Any CPU.Build.0 = Release|Any CPU
		{58DCBE28-C3AD-4C47-9114-58A4C90E12C2}.Debug|Any CPU.ActiveCfg = Debug|Any CPU
		{58DCBE28-C3AD-4C47-9114-58A4C90E12C2}.Debug|Any CPU.Build.0 = Debug|Any CPU
		{58DCBE28-C3AD-4C47-9114-58A4C90E12C2}.Release|Any CPU.ActiveCfg = Release|Any CPU
		{58DCBE28-C3AD-4C47-9114-58A4C90E12C2}.Release|Any CPU.Build.0 = Release|Any CPU
		{9B67B14F-2C7E-4F9D-BECE-78A6EF8CC18A}.Debug|Any CPU.ActiveCfg = Debug|Any CPU
		{9B67B14F-2C7E-4F9D-BECE-78A6EF8CC18A}.Debug|Any CPU.Build.0 = Debug|Any CPU
		{9B67B14F-2C7E-4F9D-BECE-78A6EF8CC18A}.Release|Any CPU.ActiveCfg = Release|Any CPU
		{9B67B14F-2C7E-4F9D-BECE-78A6EF8CC18A}.Release|Any CPU.Build.0 = Release|Any CPU
	EndGlobalSection
	GlobalSection(SolutionProperties) = preSolution
		HideSolutionNode = FALSE
	EndGlobalSection
	GlobalSection(NestedProjects) = preSolution
		{9B940361-9B75-4E05-8812-3EB5704E7053} = {0A08E7A7-9099-4064-863A-9BAB42BD53A8}
		{3F3788D9-1B2D-4DFA-A6B2-47EA0DEEC72F} = {0A08E7A7-9099-4064-863A-9BAB42BD53A8}
		{CD07CF51-5D88-4CDD-92DE-528B8BD9D403} = {0A08E7A7-9099-4064-863A-9BAB42BD53A8}
		{0D5F625F-FAC1-430A-8104-3BD87A0BE133} = {0A08E7A7-9099-4064-863A-9BAB42BD53A8}
		{D374A73F-253E-429A-9F2F-216D9ACAB057} = {9B940361-9B75-4E05-8812-3EB5704E7053}
		{28C7EFC0-C291-4EC2-9924-85E5D9F3B8DE} = {3F3788D9-1B2D-4DFA-A6B2-47EA0DEEC72F}
		{A4E0EB17-1A4B-469A-97E0-3AAF893A0415} = {CD07CF51-5D88-4CDD-92DE-528B8BD9D403}
		{26A568AF-8F31-4B2E-817B-A8334D53B533} = {0D5F625F-FAC1-430A-8104-3BD87A0BE133}
		{150CE7AC-B82C-4CCE-B1B6-2D80E7C09D56} = {0D5F625F-FAC1-430A-8104-3BD87A0BE133}
		{58DCBE28-C3AD-4C47-9114-58A4C90E12C2} = {26A568AF-8F31-4B2E-817B-A8334D53B533}
		{9B67B14F-2C7E-4F9D-BECE-78A6EF8CC18A} = {150CE7AC-B82C-4CCE-B1B6-2D80E7C09D56}
	EndGlobalSection
	GlobalSection(ExtensibilityGlobals) = postSolution
		SolutionGuid = {62B68538-CD0B-42FD-80D2-6BE4C2017C32}
	EndGlobalSection
EndGlobal
